
Microsoft Visual Studio Solution File, Format Version 10.00
# Visual C++ Express 2008
Project("{8BC9CEB8-8B4A-11D0-8D11-00A0C91BC942}") = "projekt", "projekt.vcproj", "{7b3f0e50-260e-425c-8dab-5ff9a5a41540}"
EndProject
Global
	GlobalSection(SolutionConfigurationPlatforms) = preSolution
		Debug|Win32 = Debug|Win32
		Release|Win32 = Release|Win32
	EndGlobalSection
	GlobalSection(ProjectConfigurationPlatforms) = postSolution
		{7b3f0e50-260e-425c-8dab-5ff9a5a41540}.Debug|Win32.ActiveCfg = Debug|Win32
		{7b3f0e50-260e-425c-8dab-5ff9a5a41540}.Debug|Win32.Build.0 = Debug|Win32
		{7b3f0e50-260e-425c-8dab-5ff9a5a41540}.Release|Win32.ActiveCfg = Release|Win32
		{7b3f0e50-260e-425c-8dab-5ff9a5a41540}.Release|Win32.Build.0 = Release|Win32
	EndGlobalSection
	GlobalSection(SolutionProperties) = preSolution
		HideSolutionNode = FALSE
	EndGlobalSection
EndGlobal